// !$*UTF8*$!
{
	archiveVersion = 1;
	classes = {
	};
	objectVersion = 46;
	objects = {

/* Begin PBXBuildFile section */
		8439C7141D18EE370050C898 /* main.m in Sources */ = {isa = PBXBuildFile; fileRef = 8439C7131D18EE370050C898 /* main.m */; };
		8439C7171D18EE370050C898 /* AppDelegate.m in Sources */ = {isa = PBXBuildFile; fileRef = 8439C7161D18EE370050C898 /* AppDelegate.m */; };
		8439C71A1D18EE370050C898 /* ViewController.m in Sources */ = {isa = PBXBuildFile; fileRef = 8439C7191D18EE370050C898 /* ViewController.m */; };
		8439C71D1D18EE370050C898 /* Main.storyboard in Resources */ = {isa = PBXBuildFile; fileRef = 8439C71B1D18EE370050C898 /* Main.storyboard */; };
		8439C71F1D18EE370050C898 /* Assets.xcassets in Resources */ = {isa = PBXBuildFile; fileRef = 8439C71E1D18EE370050C898 /* Assets.xcassets */; };
		8439C7221D18EE370050C898 /* LaunchScreen.storyboard in Resources */ = {isa = PBXBuildFile; fileRef = 8439C7201D18EE370050C898 /* LaunchScreen.storyboard */; };
		8439C72D1D18EE370050C898 /* VRplayerAndUnityTests.m in Sources */ = {isa = PBXBuildFile; fileRef = 8439C72C1D18EE370050C898 /* VRplayerAndUnityTests.m */; };
		8439C7381D18EE370050C898 /* VRplayerAndUnityUITests.m in Sources */ = {isa = PBXBuildFile; fileRef = 8439C7371D18EE370050C898 /* VRplayerAndUnityUITests.m */; };
/* End PBXBuildFile section */

/* Begin PBXContainerItemProxy section */
		8439C7291D18EE370050C898 /* PBXContainerItemProxy */ = {
			isa = PBXContainerItemProxy;
			containerPortal = 8439C7071D18EE360050C898 /* Project object */;
			proxyType = 1;
			remoteGlobalIDString = 8439C70E1D18EE360050C898;
			remoteInfo = VRplayerAndUnity;
		};
		8439C7341D18EE370050C898 /* PBXContainerItemProxy */ = {
			isa = PBXContainerItemProxy;
			containerPortal = 8439C7071D18EE360050C898 /* Project object */;
			proxyType = 1;
			remoteGlobalIDString = 8439C70E1D18EE360050C898;
			remoteInfo = VRplayerAndUnity;
		};
/* End PBXContainerItemProxy section */

/* Begin PBXFileReference section */
		8439C70F1D18EE360050C898 /* VRplayerAndUnity.app */ = {isa = PBXFileReference; explicitFileType = wrapper.application; includeInIndex = 0; path = VRplayerAndUnity.app; sourceTree = BUILT_PRODUCTS_DIR; };
		8439C7131D18EE370050C898 /* main.m */ = {isa = PBXFileReference; lastKnownFileType = sourcecode.c.objc; path = main.m; sourceTree = "<group>"; };
		8439C7151D18EE370050C898 /* AppDelegate.h */ = {isa = PBXFileReference; lastKnownFileType = sourcecode.c.h; path = AppDelegate.h; sourceTree = "<group>"; };
		8439C7161D18EE370050C898 /* AppDelegate.m */ = {isa = PBXFileReference; lastKnownFileType = sourcecode.c.objc; path = AppDelegate.m; sourceTree = "<group>"; };
		8439C7181D18EE370050C898 /* ViewController.h */ = {isa = PBXFileReference; lastKnownFileType = sourcecode.c.h; path = ViewController.h; sourceTree = "<group>"; };
		8439C7191D18EE370050C898 /* ViewController.m */ = {isa = PBXFileReference; lastKnownFileType = sourcecode.c.objc; path = ViewController.m; sourceTree = "<group>"; };
		8439C71C1D18EE370050C898 /* Base */ = {isa = PBXFileReference; lastKnownFileType = file.storyboard; name = Base; path = Base.lproj/Main.storyboard; sourceTree = "<group>"; };
		8439C71E1D18EE370050C898 /* Assets.xcassets */ = {isa = PBXFileReference; lastKnownFileType = folder.assetcatalog; path = Assets.xcassets; sourceTree = "<group>"; };
		8439C7211D18EE370050C898 /* Base */ = {isa = PBXFileReference; lastKnownFileType = file.storyboard; name = Base; path = Base.lproj/LaunchScreen.storyboard; sourceTree = "<group>"; };
		8439C7231D18EE370050C898 /* Info.plist */ = {isa = PBXFileReference; lastKnownFileType = text.plist.xml; path = Info.plist; sourceTree = "<group>"; };
		8439C7281D18EE370050C898 /* VRplayerAndUnityTests.xctest */ = {isa = PBXFileReference; explicitFileType = wrapper.cfbundle; includeInIndex = 0; path = VRplayerAndUnityTests.xctest; sourceTree = BUILT_PRODUCTS_DIR; };
		8439C72C1D18EE370050C898 /* VRplayerAndUnityTests.m */ = {isa = PBXFileReference; lastKnownFileType = sourcecode.c.objc; path = VRplayerAndUnityTests.m; sourceTree = "<group>"; };
		8439C72E1D18EE370050C898 /* Info.plist */ = {isa = PBXFileReference; lastKnownFileType = text.plist.xml; path = Info.plist; sourceTree = "<group>"; };
		8439C7331D18EE370050C898 /* VRplayerAndUnityUITests.xctest */ = {isa = PBXFileReference; explicitFileType = wrapper.cfbundle; includeInIndex = 0; path = VRplayerAndUnityUITests.xctest; sourceTree = BUILT_PRODUCTS_DIR; };
		8439C7371D18EE370050C898 /* VRplayerAndUnityUITests.m */ = {isa = PBXFileReference; lastKnownFileType = sourcecode.c.objc; path = VRplayerAndUnityUITests.m; sourceTree = "<group>"; };
		8439C7391D18EE370050C898 /* Info.plist */ = {isa = PBXFileReference; lastKnownFileType = text.plist.xml; path = Info.plist; sourceTree = "<group>"; };
/* End PBXFileReference section */

/* Begin PBXFrameworksBuildPhase section */
		8439C70C1D18EE360050C898 /* Frameworks */ = {
			isa = PBXFrameworksBuildPhase;
			buildActionMask = 2147483647;
			files = (
			);
			runOnlyForDeploymentPostprocessing = 0;
		};
		8439C7251D18EE370050C898 /* Frameworks */ = {
			isa = PBXFrameworksBuildPhase;
			buildActionMask = 2147483647;
			files = (
			);
			runOnlyForDeploymentPostprocessing = 0;
		};
		8439C7301D18EE370050C898 /* Frameworks */ = {
			isa = PBXFrameworksBuildPhase;
			buildActionMask = 2147483647;
			files = (
			);
			runOnlyForDeploymentPostprocessing = 0;
		};
/* End PBXFrameworksBuildPhase section */

/* Begin PBXGroup section */
		8439C7061D18EE360050C898 = {
			isa = PBXGroup;
			children = (
				8439C7111D18EE370050C898 /* VRplayerAndUnity */,
				8439C72B1D18EE370050C898 /* VRplayerAndUnityTests */,
				8439C7361D18EE370050C898 /* VRplayerAndUnityUITests */,
				8439C7101D18EE360050C898 /* Products */,
			);
			sourceTree = "<group>";
		};
		8439C7101D18EE360050C898 /* Products */ = {
			isa = PBXGroup;
			children = (
				8439C70F1D18EE360050C898 /* VRplayerAndUnity.app */,
				8439C7281D18EE370050C898 /* VRplayerAndUnityTests.xctest */,
				8439C7331D18EE370050C898 /* VRplayerAndUnityUITests.xctest */,
			);
			name = Products;
			sourceTree = "<group>";
		};
		8439C7111D18EE370050C898 /* VRplayerAndUnity */ = {
			isa = PBXGroup;
			children = (
				8439C7151D18EE370050C898 /* AppDelegate.h */,
				8439C7161D18EE370050C898 /* AppDelegate.m */,
				8439C7181D18EE370050C898 /* ViewController.h */,
				8439C7191D18EE370050C898 /* ViewController.m */,
				8439C71B1D18EE370050C898 /* Main.storyboard */,
				8439C71E1D18EE370050C898 /* Assets.xcassets */,
				8439C7201D18EE370050C898 /* LaunchScreen.storyboard */,
				8439C7231D18EE370050C898 /* Info.plist */,
				8439C7121D18EE370050C898 /* Supporting Files */,
			);
			path = VRplayerAndUnity;
			sourceTree = "<group>";
		};
		8439C7121D18EE370050C898 /* Supporting Files */ = {
			isa = PBXGroup;
			children = (
				8439C7131D18EE370050C898 /* main.m */,
			);
			name = "Supporting Files";
			sourceTree = "<group>";
		};
		8439C72B1D18EE370050C898 /* VRplayerAndUnityTests */ = {
			isa = PBXGroup;
			children = (
				8439C72C1D18EE370050C898 /* VRplayerAndUnityTests.m */,
				8439C72E1D18EE370050C898 /* Info.plist */,
			);
			path = VRplayerAndUnityTests;
			sourceTree = "<group>";
		};
		8439C7361D18EE370050C898 /* VRplayerAndUnityUITests */ = {
			isa = PBXGroup;
			children = (
				8439C7371D18EE370050C898 /* VRplayerAndUnityUITests.m */,
				8439C7391D18EE370050C898 /* Info.plist */,
			);
			path = VRplayerAndUnityUITests;
			sourceTree = "<group>";
		};
/* End PBXGroup section */

/* Begin PBXNativeTarget section */
		8439C70E1D18EE360050C898 /* VRplayerAndUnity */ = {
			isa = PBXNativeTarget;
			buildConfigurationList = 8439C73C1D18EE370050C898 /* Build configuration list for PBXNativeTarget "VRplayerAndUnity" */;
			buildPhases = (
				8439C70B1D18EE360050C898 /* Sources */,
				8439C70C1D18EE360050C898 /* Frameworks */,
				8439C70D1D18EE360050C898 /* Resources */,
			);
			buildRules = (
			);
			dependencies = (
			);
			name = VRplayerAndUnity;
			productName = VRplayerAndUnity;
			productReference = 8439C70F1D18EE360050C898 /* VRplayerAndUnity.app */;
			productType = "com.apple.product-type.application";
		};
		8439C7271D18EE370050C898 /* VRplayerAndUnityTests */ = {
			isa = PBXNativeTarget;
			buildConfigurationList = 8439C73F1D18EE370050C898 /* Build configuration list for PBXNativeTarget "VRplayerAndUnityTests" */;
			buildPhases = (
				8439C7241D18EE370050C898 /* Sources */,
				8439C7251D18EE370050C898 /* Frameworks */,
				8439C7261D18EE370050C898 /* Resources */,
			);
			buildRules = (
			);
			dependencies = (
				8439C72A1D18EE370050C898 /* PBXTargetDependency */,
			);
			name = VRplayerAndUnityTests;
			productName = VRplayerAndUnityTests;
			productReference = 8439C7281D18EE370050C898 /* VRplayerAndUnityTests.xctest */;
			productType = "com.apple.product-type.bundle.unit-test";
		};
		8439C7321D18EE370050C898 /* VRplayerAndUnityUITests */ = {
			isa = PBXNativeTarget;
			buildConfigurationList = 8439C7421D18EE370050C898 /* Build configuration list for PBXNativeTarget "VRplayerAndUnityUITests" */;
			buildPhases = (
				8439C72F1D18EE370050C898 /* Sources */,
				8439C7301D18EE370050C898 /* Frameworks */,
				8439C7311D18EE370050C898 /* Resources */,
			);
			buildRules = (
			);
			dependencies = (
				8439C7351D18EE370050C898 /* PBXTargetDependency */,
			);
			name = VRplayerAndUnityUITests;
			productName = VRplayerAndUnityUITests;
			productReference = 8439C7331D18EE370050C898 /* VRplayerAndUnityUITests.xctest */;
			productType = "com.apple.product-type.bundle.ui-testing";
		};
/* End PBXNativeTarget section */

/* Begin PBXProject section */
		8439C7071D18EE360050C898 /* Project object */ = {
			isa = PBXProject;
			attributes = {
				LastUpgradeCheck = 0730;
				ORGANIZATIONNAME = admin;
				TargetAttributes = {
					8439C70E1D18EE360050C898 = {
						CreatedOnToolsVersion = 7.3;
						DevelopmentTeam = 6HEGYSTG22;
					};
					8439C7271D18EE370050C898 = {
						CreatedOnToolsVersion = 7.3;
						DevelopmentTeam = 6HEGYSTG22;
						TestTargetID = 8439C70E1D18EE360050C898;
					};
					8439C7321D18EE370050C898 = {
						CreatedOnToolsVersion = 7.3;
						DevelopmentTeam = 6HEGYSTG22;
						TestTargetID = 8439C70E1D18EE360050C898;
					};
				};
			};
			buildConfigurationList = 8439C70A1D18EE360050C898 /* Build configuration list for PBXProject "VRplayerAndUnity" */;
			compatibilityVersion = "Xcode 3.2";
			developmentRegion = English;
			hasScannedForEncodings = 0;
			knownRegions = (
				en,
				Base,
			);
			mainGroup = 8439C7061D18EE360050C898;
			productRefGroup = 8439C7101D18EE360050C898 /* Products */;
			projectDirPath = "";
			projectRoot = "";
			targets = (
				8439C70E1D18EE360050C898 /* VRplayerAndUnity */,
				8439C7271D18EE370050C898 /* VRplayerAndUnityTests */,
				8439C7321D18EE370050C898 /* VRplayerAndUnityUITests */,
			);
		};
/* End PBXProject section */

/* Begin PBXResourcesBuildPhase section */
		8439C70D1D18EE360050C898 /* Resources */ = {
			isa = PBXResourcesBuildPhase;
			buildActionMask = 2147483647;
			files = (
				8439C7221D18EE370050C898 /* LaunchScreen.storyboard in Resources */,
				8439C71F1D18EE370050C898 /* Assets.xcassets in Resources */,
				8439C71D1D18EE370050C898 /* Main.storyboard in Resources */,
			);
			runOnlyForDeploymentPostprocessing = 0;
		};
		8439C7261D18EE370050C898 /* Resources */ = {
			isa = PBXResourcesBuildPhase;
			buildActionMask = 2147483647;
			files = (
			);
			runOnlyForDeploymentPostprocessing = 0;
		};
		8439C7311D18EE370050C898 /* Resources */ = {
			isa = PBXResourcesBuildPhase;
			buildActionMask = 2147483647;
			files = (
			);
			runOnlyForDeploymentPostprocessing = 0;
		};
/* End PBXResourcesBuildPhase section */

/* Begin PBXSourcesBuildPhase section */
		8439C70B1D18EE360050C898 /* Sources */ = {
			isa = PBXSourcesBuildPhase;
			buildActionMask = 2147483647;
			files = (
				8439C71A1D18EE370050C898 /* ViewController.m in Sources */,
				8439C7171D18EE370050C898 /* AppDelegate.m in Sources */,
				8439C7141D18EE370050C898 /* main.m in Sources */,
			);
			runOnlyForDeploymentPostprocessing = 0;
		};
		8439C7241D18EE370050C898 /* Sources */ = {
			isa = PBXSourcesBuildPhase;
			buildActionMask = 2147483647;
			files = (
				8439C72D1D18EE370050C898 /* VRplayerAndUnityTests.m in Sources */,
			);
			runOnlyForDeploymentPostprocessing = 0;
		};
		8439C72F1D18EE370050C898 /* Sources */ = {
			isa = PBXSourcesBuildPhase;
			buildActionMask = 2147483647;
			files = (
				8439C7381D18EE370050C898 /* VRplayerAndUnityUITests.m in Sources */,
			);
			runOnlyForDeploymentPostprocessing = 0;
		};
/* End PBXSourcesBuildPhase section */

/* Begin PBXTargetDependency section */
		8439C72A1D18EE370050C898 /* PBXTargetDependency */ = {
			isa = PBXTargetDependency;
			target = 8439C70E1D18EE360050C898 /* VRplayerAndUnity */;
			targetProxy = 8439C7291D18EE370050C898 /* PBXContainerItemProxy */;
		};
		8439C7351D18EE370050C898 /* PBXTargetDependency */ = {
			isa = PBXTargetDependency;
			target = 8439C70E1D18EE360050C898 /* VRplayerAndUnity */;
			targetProxy = 8439C7341D18EE370050C898 /* PBXContainerItemProxy */;
		};
/* End PBXTargetDependency section */

/* Begin PBXVariantGroup section */
		8439C71B1D18EE370050C898 /* Main.storyboard */ = {
			isa = PBXVariantGroup;
			children = (
				8439C71C1D18EE370050C898 /* Base */,
			);
			name = Main.storyboard;
			sourceTree = "<group>";
		};
		8439C7201D18EE370050C898 /* LaunchScreen.storyboard */ = {
			isa = PBXVariantGroup;
			children = (
				8439C7211D18EE370050C898 /* Base */,
			);
			name = LaunchScreen.storyboard;
			sourceTree = "<group>";
		};
/* End PBXVariantGroup section */

/* Begin XCBuildConfiguration section */
		8439C73A1D18EE370050C898 /* Debug */ = {
			isa = XCBuildConfiguration;
			buildSettings = {
				ALWAYS_SEARCH_USER_PATHS = NO;
				CLANG_ANALYZER_NONNULL = YES;
				CLANG_CXX_LANGUAGE_STANDARD = "gnu++0x";
				CLANG_CXX_LIBRARY = "libc++";
				CLANG_ENABLE_MODULES = YES;
				CLANG_ENABLE_OBJC_ARC = YES;
				CLANG_WARN_BOOL_CONVERSION = YES;
				CLANG_WARN_CONSTANT_CONVERSION = YES;
				CLANG_WARN_DIRECT_OBJC_ISA_USAGE = YES_ERROR;
				CLANG_WARN_EMPTY_BODY = YES;
				CLANG_WARN_ENUM_CONVERSION = YES;
				CLANG_WARN_INT_CONVERSION = YES;
				CLANG_WARN_OBJC_ROOT_CLASS = YES_ERROR;
				CLANG_WARN_UNREACHABLE_CODE = YES;
				CLANG_WARN__DUPLICATE_METHOD_MATCH = YES;
				"CODE_SIGN_IDENTITY[sdk=iphoneos*]" = "iPhone Developer";
				COPY_PHASE_STRIP = NO;
				DEBUG_INFORMATION_FORMAT = dwarf;
				ENABLE_STRICT_OBJC_MSGSEND = YES;
				ENABLE_TESTABILITY = YES;
				GCC_C_LANGUAGE_STANDARD = gnu99;
				GCC_DYNAMIC_NO_PIC = NO;
				GCC_NO_COMMON_BLOCKS = YES;
				GCC_OPTIMIZATION_LEVEL = 0;
				GCC_PREPROCESSOR_DEFINITIONS = (
					"DEBUG=1",
					"$(inherited)",
				);
				GCC_WARN_64_TO_32_BIT_CONVERSION = YES;
				GCC_WARN_ABOUT_RETURN_TYPE = YES_ERROR;
				GCC_WARN_UNDECLARED_SELECTOR = YES;
				GCC_WARN_UNINITIALIZED_AUTOS = YES_AGGRESSIVE;
				GCC_WARN_UNUSED_FUNCTION = YES;
				GCC_WARN_UNUSED_VARIABLE = YES;
				IPHONEOS_DEPLOYMENT_TARGET = 9.3;
				MTL_ENABLE_DEBUG_INFO = YES;
				ONLY_ACTIVE_ARCH = YES;
				SDKROOT = iphoneos;
			};
			name = Debug;
		};
		8439C73B1D18EE370050C898 /* Release */ = {
			isa = XCBuildConfiguration;
			buildSettings = {
				ALWAYS_SEARCH_USER_PATHS = NO;
				CLANG_ANALYZER_NONNULL = YES;
				CLANG_CXX_LANGUAGE_STANDARD = "gnu++0x";
				CLANG_CXX_LIBRARY = "libc++";
				CLANG_ENABLE_MODULES = YES;
				CLANG_ENABLE_OBJC_ARC = YES;
				CLANG_WARN_BOOL_CONVERSION = YES;
				CLANG_WARN_CONSTANT_CONVERSION = YES;
				CLANG_WARN_DIRECT_OBJC_ISA_USAGE = YES_ERROR;
				CLANG_WARN_EMPTY_BODY = YES;
				CLANG_WARN_ENUM_CONVERSION = YES;
				CLANG_WARN_INT_CONVERSION = YES;
				CLANG_WARN_OBJC_ROOT_CLASS = YES_ERROR;
				CLANG_WARN_UNREACHABLE_CODE = YES;
				CLANG_WARN__DUPLICATE_METHOD_MATCH = YES;
				"CODE_SIGN_IDENTITY[sdk=iphoneos*]" = "iPhone Developer";
				COPY_PHASE_STRIP = NO;
				DEBUG_INFORMATION_FORMAT = "dwarf-with-dsym";
				ENABLE_NS_ASSERTIONS = NO;
				ENABLE_STRICT_OBJC_MSGSEND = YES;
				GCC_C_LANGUAGE_STANDARD = gnu99;
				GCC_NO_COMMON_BLOCKS = YES;
				GCC_WARN_64_TO_32_BIT_CONVERSION = YES;
				GCC_WARN_ABOUT_RETURN_TYPE = YES_ERROR;
				GCC_WARN_UNDECLARED_SELECTOR = YES;
				GCC_WARN_UNINITIALIZED_AUTOS = YES_AGGRESSIVE;
				GCC_WARN_UNUSED_FUNCTION = YES;
				GCC_WARN_UNUSED_VARIABLE = YES;
				IPHONEOS_DEPLOYMENT_TARGET = 9.3;
				MTL_ENABLE_DEBUG_INFO = NO;
				SDKROOT = iphoneos;
				VALIDATE_PRODUCT = YES;
			};
			name = Release;
		};
		8439C73D1D18EE370050C898 /* Debug */ = {
			isa = XCBuildConfiguration;
			buildSettings = {
				ASSETCATALOG_COMPILER_APPICON_NAME = AppIcon;
				INFOPLIST_FILE = VRplayerAndUnity/Info.plist;
				LD_RUNPATH_SEARCH_PATHS = "$(inherited) @executable_path/Frameworks";
				PRODUCT_BUNDLE_IDENTIFIER = com.nd.VRplayerAndUnity;
				PRODUCT_NAME = "$(TARGET_NAME)";
			};
			name = Debug;
		};
		8439C73E1D18EE370050C898 /* Release */ = {
			isa = XCBuildConfiguration;
			buildSettings = {
				ASSETCATALOG_COMPILER_APPICON_NAME = AppIcon;
				INFOPLIST_FILE = VRplayerAndUnity/Info.plist;
				LD_RUNPATH_SEARCH_PATHS = "$(inherited) @executable_path/Frameworks";
				PRODUCT_BUNDLE_IDENTIFIER = com.nd.VRplayerAndUnity;
				PRODUCT_NAME = "$(TARGET_NAME)";
			};
			name = Release;
		};
		8439C7401D18EE370050C898 /* Debug */ = {
			isa = XCBuildConfiguration;
			buildSettings = {
				BUNDLE_LOADER = "$(TEST_HOST)";
				INFOPLIST_FILE = VRplayerAndUnityTests/Info.plist;
				LD_RUNPATH_SEARCH_PATHS = "$(inherited) @executable_path/Frameworks @loader_path/Frameworks";
				PRODUCT_BUNDLE_IDENTIFIER = com.nd.VRplayerAndUnityTests;
				PRODUCT_NAME = "$(TARGET_NAME)";
				TEST_HOST = "$(BUILT_PRODUCTS_DIR)/VRplayerAndUnity.app/VRplayerAndUnity";
			};
			name = Debug;
		};
		8439C7411D18EE370050C898 /* Release */ = {
			isa = XCBuildConfiguration;
			buildSettings = {
				BUNDLE_LOADER = "$(TEST_HOST)";
				INFOPLIST_FILE = VRplayerAndUnityTests/Info.plist;
				LD_RUNPATH_SEARCH_PATHS = "$(inherited) @executable_path/Frameworks @loader_path/Frameworks";
				PRODUCT_BUNDLE_IDENTIFIER = com.nd.VRplayerAndUnityTests;
				PRODUCT_NAME = "$(TARGET_NAME)";
				TEST_HOST = "$(BUILT_PRODUCTS_DIR)/VRplayerAndUnity.app/VRplayerAndUnity";
			};
			name = Release;
		};
		8439C7431D18EE370050C898 /* Debug */ = {
			isa = XCBuildConfiguration;
			buildSettings = {
				INFOPLIST_FILE = VRplayerAndUnityUITests/Info.plist;
				LD_RUNPATH_SEARCH_PATHS = "$(inherited) @executable_path/Frameworks @loader_path/Frameworks";
				PRODUCT_BUNDLE_IDENTIFIER = com.nd.VRplayerAndUnityUITests;
				PRODUCT_NAME = "$(TARGET_NAME)";
				TEST_TARGET_NAME = VRplayerAndUnity;
			};
			name = Debug;
		};
		8439C7441D18EE370050C898 /* Release */ = {
			isa = XCBuildConfiguration;
			buildSettings = {
				INFOPLIST_FILE = VRplayerAndUnityUITests/Info.plist;
				LD_RUNPATH_SEARCH_PATHS = "$(inherited) @executable_path/Frameworks @loader_path/Frameworks";
				PRODUCT_BUNDLE_IDENTIFIER = com.nd.VRplayerAndUnityUITests;
				PRODUCT_NAME = "$(TARGET_NAME)";
				TEST_TARGET_NAME = VRplayerAndUnity;
			};
			name = Release;
		};
/* End XCBuildConfiguration section */

/* Begin XCConfigurationList section */
		8439C70A1D18EE360050C898 /* Build configuration list for PBXProject "VRplayerAndUnity" */ = {
			isa = XCConfigurationList;
			buildConfigurations = (
				8439C73A1D18EE370050C898 /* Debug */,
				8439C73B1D18EE370050C898 /* Release */,
			);
			defaultConfigurationIsVisible = 0;
			defaultConfigurationName = Release;
		};
		8439C73C1D18EE370050C898 /* Build configuration list for PBXNativeTarget "VRplayerAndUnity" */ = {
			isa = XCConfigurationList;
			buildConfigurations = (
				8439C73D1D18EE370050C898 /* Debug */,
				8439C73E1D18EE370050C898 /* Release */,
			);
			defaultConfigurationIsVisible = 0;
		};
		8439C73F1D18EE370050C898 /* Build configuration list for PBXNativeTarget "VRplayerAndUnityTests" */ = {
			isa = XCConfigurationList;
			buildConfigurations = (
				8439C7401D18EE370050C898 /* Debug */,
				8439C7411D18EE370050C898 /* Release */,
			);
			defaultConfigurationIsVisible = 0;
		};
		8439C7421D18EE370050C898 /* Build configuration list for PBXNativeTarget "VRplayerAndUnityUITests" */ = {
			isa = XCConfigurationList;
			buildConfigurations = (
				8439C7431D18EE370050C898 /* Debug */,
				8439C7441D18EE370050C898 /* Release */,
			);
			defaultConfigurationIsVisible = 0;
		};
/* End XCConfigurationList section */
	};
	rootObject = 8439C7071D18EE360050C898 /* Project object */;
}
